// !$*UTF8*$!
{
	archiveVersion = 1;
	classes = {
	};
	objectVersion = 55;
	objects = {

/* Begin PBXBuildFile section */
		1025B59327645A91004E42CA /* test.js in Resources */ = {isa = PBXBuildFile; fileRef = 1025B59227645A91004E42CA /* test.js */; };
		1079A1E1274C206F00990442 /* AppDelegate.swift in Sources */ = {isa = PBXBuildFile; fileRef = 1079A1E0274C206F00990442 /* AppDelegate.swift */; };
		1079A1E5274C206F00990442 /* Main.html in Resources */ = {isa = PBXBuildFile; fileRef = 1079A1E3274C206F00990442 /* Main.html */; };
		1079A1E7274C206F00990442 /* Icon.png in Resources */ = {isa = PBXBuildFile; fileRef = 1079A1E6274C206F00990442 /* Icon.png */; };
		1079A1E9274C206F00990442 /* Style.css in Resources */ = {isa = PBXBuildFile; fileRef = 1079A1E8274C206F00990442 /* Style.css */; };
		1079A1EB274C206F00990442 /* Script.js in Resources */ = {isa = PBXBuildFile; fileRef = 1079A1EA274C206F00990442 /* Script.js */; };
		1079A1ED274C206F00990442 /* ViewController.swift in Sources */ = {isa = PBXBuildFile; fileRef = 1079A1EC274C206F00990442 /* ViewController.swift */; };
		1079A1F0274C206F00990442 /* Main.storyboard in Resources */ = {isa = PBXBuildFile; fileRef = 1079A1EE274C206F00990442 /* Main.storyboard */; };
		1079A1F2274C207000990442 /* Assets.xcassets in Resources */ = {isa = PBXBuildFile; fileRef = 1079A1F1274C207000990442 /* Assets.xcassets */; };
		1079A1FA274C207000990442 /* AutoCap Extension.appex in Embed App Extensions */ = {isa = PBXBuildFile; fileRef = 1079A1F9274C207000990442 /* AutoCap Extension.appex */; settings = {ATTRIBUTES = (RemoveHeadersOnCopy, ); }; };
		1079A1FF274C207000990442 /* SafariExtensionHandler.swift in Sources */ = {isa = PBXBuildFile; fileRef = 1079A1FE274C207000990442 /* SafariExtensionHandler.swift */; };
		1079A201274C207000990442 /* SafariExtensionViewController.swift in Sources */ = {isa = PBXBuildFile; fileRef = 1079A200274C207000990442 /* SafariExtensionViewController.swift */; };
		1079A204274C207000990442 /* script.js in Resources */ = {isa = PBXBuildFile; fileRef = 1079A203274C207000990442 /* script.js */; };
		1079A209274C207000990442 /* SafariExtensionViewController.xib in Resources */ = {isa = PBXBuildFile; fileRef = 1079A207274C207000990442 /* SafariExtensionViewController.xib */; };
		1079A21A274C2D1800990442 /* common.js in Resources */ = {isa = PBXBuildFile; fileRef = 1079A219274C2D1800990442 /* common.js */; };
/* End PBXBuildFile section */

/* Begin PBXContainerItemProxy section */
		1079A1FB274C207000990442 /* PBXContainerItemProxy */ = {
			isa = PBXContainerItemProxy;
			containerPortal = 1079A1D5274C206F00990442 /* Project object */;
			proxyType = 1;
			remoteGlobalIDString = 1079A1F8274C207000990442;
			remoteInfo = "AutoCap Extension";
		};
/* End PBXContainerItemProxy section */

/* Begin PBXCopyFilesBuildPhase section */
		1079A211274C207000990442 /* Embed App Extensions */ = {
			isa = PBXCopyFilesBuildPhase;
			buildActionMask = 2147483647;
			dstPath = "";
			dstSubfolderSpec = 13;
			files = (
				1079A1FA274C207000990442 /* AutoCap Extension.appex in Embed App Extensions */,
			);
			name = "Embed App Extensions";
			runOnlyForDeploymentPostprocessing = 0;
		};
/* End PBXCopyFilesBuildPhase section */

/* Begin PBXFileReference section */
		1025B59227645A91004E42CA /* test.js */ = {isa = PBXFileReference; fileEncoding = 4; lastKnownFileType = sourcecode.javascript; path = test.js; sourceTree = "<group>"; };
		1079A1DD274C206F00990442 /* AutoCap.app */ = {isa = PBXFileReference; explicitFileType = wrapper.application; includeInIndex = 0; path = AutoCap.app; sourceTree = BUILT_PRODUCTS_DIR; };
		1079A1E0274C206F00990442 /* AppDelegate.swift */ = {isa = PBXFileReference; lastKnownFileType = sourcecode.swift; path = AppDelegate.swift; sourceTree = "<group>"; };
		1079A1E4274C206F00990442 /* Base */ = {isa = PBXFileReference; lastKnownFileType = text.html; name = Base; path = ../Base.lproj/Main.html; sourceTree = "<group>"; };
		1079A1E6274C206F00990442 /* Icon.png */ = {isa = PBXFileReference; lastKnownFileType = image.png; path = Icon.png; sourceTree = "<group>"; };
		1079A1E8274C206F00990442 /* Style.css */ = {isa = PBXFileReference; lastKnownFileType = text.css; path = Style.css; sourceTree = "<group>"; };
		1079A1EA274C206F00990442 /* Script.js */ = {isa = PBXFileReference; lastKnownFileType = sourcecode.javascript; path = Script.js; sourceTree = "<group>"; };
		1079A1EC274C206F00990442 /* ViewController.swift */ = {isa = PBXFileReference; lastKnownFileType = sourcecode.swift; path = ViewController.swift; sourceTree = "<group>"; };
		1079A1EF274C206F00990442 /* Base */ = {isa = PBXFileReference; lastKnownFileType = file.storyboard; name = Base; path = Base.lproj/Main.storyboard; sourceTree = "<group>"; };
		1079A1F1274C207000990442 /* Assets.xcassets */ = {isa = PBXFileReference; lastKnownFileType = folder.assetcatalog; path = Assets.xcassets; sourceTree = "<group>"; };
		1079A1F3274C207000990442 /* AutoCap.entitlements */ = {isa = PBXFileReference; lastKnownFileType = text.plist.entitlements; path = AutoCap.entitlements; sourceTree = "<group>"; };
		1079A1F4274C207000990442 /* AutoCap.entitlements */ = {isa = PBXFileReference; lastKnownFileType = text.plist.entitlements; path = AutoCap.entitlements; sourceTree = "<group>"; };
		1079A1F9274C207000990442 /* AutoCap Extension.appex */ = {isa = PBXFileReference; explicitFileType = "wrapper.app-extension"; includeInIndex = 0; path = "AutoCap Extension.appex"; sourceTree = BUILT_PRODUCTS_DIR; };
		1079A1FE274C207000990442 /* SafariExtensionHandler.swift */ = {isa = PBXFileReference; lastKnownFileType = sourcecode.swift; path = SafariExtensionHandler.swift; sourceTree = "<group>"; };
		1079A200274C207000990442 /* SafariExtensionViewController.swift */ = {isa = PBXFileReference; lastKnownFileType = sourcecode.swift; path = SafariExtensionViewController.swift; sourceTree = "<group>"; };
		1079A203274C207000990442 /* script.js */ = {isa = PBXFileReference; lastKnownFileType = sourcecode.javascript; path = script.js; sourceTree = "<group>"; };
		1079A208274C207000990442 /* Base */ = {isa = PBXFileReference; lastKnownFileType = file.xib; name = Base; path = Base.lproj/SafariExtensionViewController.xib; sourceTree = "<group>"; };
		1079A20A274C207000990442 /* Info.plist */ = {isa = PBXFileReference; lastKnownFileType = text.plist.xml; path = Info.plist; sourceTree = "<group>"; };
		1079A20B274C207000990442 /* AutoCap_Extension.entitlements */ = {isa = PBXFileReference; lastKnownFileType = text.plist.entitlements; path = AutoCap_Extension.entitlements; sourceTree = "<group>"; };
		1079A219274C2D1800990442 /* common.js */ = {isa = PBXFileReference; fileEncoding = 4; lastKnownFileType = sourcecode.javascript; name = common.js; path = ../../../../common.js; sourceTree = "<group>"; };
/* End PBXFileReference section */

/* Begin PBXFrameworksBuildPhase section */
		1079A1DA274C206F00990442 /* Frameworks */ = {
			isa = PBXFrameworksBuildPhase;
			buildActionMask = 2147483647;
			files = (
			);
			runOnlyForDeploymentPostprocessing = 0;
		};
		1079A1F6274C207000990442 /* Frameworks */ = {
			isa = PBXFrameworksBuildPhase;
			buildActionMask = 2147483647;
			files = (
			);
			runOnlyForDeploymentPostprocessing = 0;
		};
/* End PBXFrameworksBuildPhase section */

/* Begin PBXGroup section */
		1079A1D4274C206F00990442 = {
			isa = PBXGroup;
			children = (
				1079A1DF274C206F00990442 /* AutoCap */,
				1079A1FD274C207000990442 /* AutoCap Extension */,
				1079A1DE274C206F00990442 /* Products */,
			);
			sourceTree = "<group>";
		};
		1079A1DE274C206F00990442 /* Products */ = {
			isa = PBXGroup;
			children = (
				1079A1DD274C206F00990442 /* AutoCap.app */,
				1079A1F9274C207000990442 /* AutoCap Extension.appex */,
			);
			name = Products;
			sourceTree = "<group>";
		};
		1079A1DF274C206F00990442 /* AutoCap */ = {
			isa = PBXGroup;
			children = (
				1079A1E0274C206F00990442 /* AppDelegate.swift */,
				1079A1EC274C206F00990442 /* ViewController.swift */,
				1079A1EE274C206F00990442 /* Main.storyboard */,
				1079A1F1274C207000990442 /* Assets.xcassets */,
				1079A1F3274C207000990442 /* AutoCap.entitlements */,
				1079A1F4274C207000990442 /* AutoCap.entitlements */,
				1079A1E2274C206F00990442 /* Resources */,
			);
			path = AutoCap;
			sourceTree = "<group>";
		};
		1079A1E2274C206F00990442 /* Resources */ = {
			isa = PBXGroup;
			children = (
				1079A1E3274C206F00990442 /* Main.html */,
				1079A1E6274C206F00990442 /* Icon.png */,
				1079A1E8274C206F00990442 /* Style.css */,
				1079A1EA274C206F00990442 /* Script.js */,
			);
			path = Resources;
			sourceTree = "<group>";
		};
		1079A1FD274C207000990442 /* AutoCap Extension */ = {
			isa = PBXGroup;
			children = (
				1079A1FE274C207000990442 /* SafariExtensionHandler.swift */,
				1079A200274C207000990442 /* SafariExtensionViewController.swift */,
				1079A207274C207000990442 /* SafariExtensionViewController.xib */,
				1079A20A274C207000990442 /* Info.plist */,
				1079A20B274C207000990442 /* AutoCap_Extension.entitlements */,
				1079A202274C207000990442 /* Resources */,
			);
			path = "AutoCap Extension";
			sourceTree = "<group>";
		};
		1079A202274C207000990442 /* Resources */ = {
			isa = PBXGroup;
			children = (
				1025B59227645A91004E42CA /* test.js */,
				1079A219274C2D1800990442 /* common.js */,
				1079A203274C207000990442 /* script.js */,
			);
			path = Resources;
			sourceTree = "<group>";
		};
/* End PBXGroup section */

/* Begin PBXNativeTarget section */
		1079A1DC274C206F00990442 /* AutoCap */ = {
			isa = PBXNativeTarget;
			buildConfigurationList = 1079A212274C207000990442 /* Build configuration list for PBXNativeTarget "AutoCap" */;
			buildPhases = (
				1079A1D9274C206F00990442 /* Sources */,
				1079A1DA274C206F00990442 /* Frameworks */,
				1079A1DB274C206F00990442 /* Resources */,
				1079A211274C207000990442 /* Embed App Extensions */,
			);
			buildRules = (
			);
			dependencies = (
				1079A1FC274C207000990442 /* PBXTargetDependency */,
			);
			name = AutoCap;
			productName = AutoCap;
			productReference = 1079A1DD274C206F00990442 /* AutoCap.app */;
			productType = "com.apple.product-type.application";
		};
		1079A1F8274C207000990442 /* AutoCap Extension */ = {
			isa = PBXNativeTarget;
			buildConfigurationList = 1079A20E274C207000990442 /* Build configuration list for PBXNativeTarget "AutoCap Extension" */;
			buildPhases = (
				1079A1F5274C207000990442 /* Sources */,
				1079A1F6274C207000990442 /* Frameworks */,
				1079A1F7274C207000990442 /* Resources */,
			);
			buildRules = (
			);
			dependencies = (
			);
			name = "AutoCap Extension";
			productName = "AutoCap Extension";
			productReference = 1079A1F9274C207000990442 /* AutoCap Extension.appex */;
			productType = "com.apple.product-type.app-extension";
		};
/* End PBXNativeTarget section */

/* Begin PBXProject section */
		1079A1D5274C206F00990442 /* Project object */ = {
			isa = PBXProject;
			attributes = {
				BuildIndependentTargetsInParallel = 1;
				LastSwiftUpdateCheck = 1310;
				LastUpgradeCheck = 1310;
				TargetAttributes = {
					1079A1DC274C206F00990442 = {
						CreatedOnToolsVersion = 13.1;
					};
					1079A1F8274C207000990442 = {
						CreatedOnToolsVersion = 13.1;
					};
				};
			};
			buildConfigurationList = 1079A1D8274C206F00990442 /* Build configuration list for PBXProject "AutoCap" */;
			compatibilityVersion = "Xcode 13.0";
			developmentRegion = en;
			hasScannedForEncodings = 0;
			knownRegions = (
				en,
				Base,
			);
			mainGroup = 1079A1D4274C206F00990442;
			productRefGroup = 1079A1DE274C206F00990442 /* Products */;
			projectDirPath = "";
			projectRoot = "";
			targets = (
				1079A1DC274C206F00990442 /* AutoCap */,
				1079A1F8274C207000990442 /* AutoCap Extension */,
			);
		};
/* End PBXProject section */

/* Begin PBXResourcesBuildPhase section */
		1079A1DB274C206F00990442 /* Resources */ = {
			isa = PBXResourcesBuildPhase;
			buildActionMask = 2147483647;
			files = (
				1079A1E7274C206F00990442 /* Icon.png in Resources */,
				1079A1F0274C206F00990442 /* Main.storyboard in Resources */,
				1079A1EB274C206F00990442 /* Script.js in Resources */,
				1079A1E5274C206F00990442 /* Main.html in Resources */,
				1079A1F2274C207000990442 /* Assets.xcassets in Resources */,
				1079A1E9274C206F00990442 /* Style.css in Resources */,
			);
			runOnlyForDeploymentPostprocessing = 0;
		};
		1079A1F7274C207000990442 /* Resources */ = {
			isa = PBXResourcesBuildPhase;
			buildActionMask = 2147483647;
			files = (
				1079A209274C207000990442 /* SafariExtensionViewController.xib in Resources */,
				1079A204274C207000990442 /* script.js in Resources */,
				1025B59327645A91004E42CA /* test.js in Resources */,
				1079A21A274C2D1800990442 /* common.js in Resources */,
			);
			runOnlyForDeploymentPostprocessing = 0;
		};
/* End PBXResourcesBuildPhase section */

/* Begin PBXSourcesBuildPhase section */
		1079A1D9274C206F00990442 /* Sources */ = {
			isa = PBXSourcesBuildPhase;
			buildActionMask = 2147483647;
			files = (
				1079A1ED274C206F00990442 /* ViewController.swift in Sources */,
				1079A1E1274C206F00990442 /* AppDelegate.swift in Sources */,
			);
			runOnlyForDeploymentPostprocessing = 0;
		};
		1079A1F5274C207000990442 /* Sources */ = {
			isa = PBXSourcesBuildPhase;
			buildActionMask = 2147483647;
			files = (
				1079A201274C207000990442 /* SafariExtensionViewController.swift in Sources */,
				1079A1FF274C207000990442 /* SafariExtensionHandler.swift in Sources */,
			);
			runOnlyForDeploymentPostprocessing = 0;
		};
/* End PBXSourcesBuildPhase section */

/* Begin PBXTargetDependency section */
		1079A1FC274C207000990442 /* PBXTargetDependency */ = {
			isa = PBXTargetDependency;
			target = 1079A1F8274C207000990442 /* AutoCap Extension */;
			targetProxy = 1079A1FB274C207000990442 /* PBXContainerItemProxy */;
		};
/* End PBXTargetDependency section */

/* Begin PBXVariantGroup section */
		1079A1E3274C206F00990442 /* Main.html */ = {
			isa = PBXVariantGroup;
			children = (
				1079A1E4274C206F00990442 /* Base */,
			);
			name = Main.html;
			sourceTree = "<group>";
		};
		1079A1EE274C206F00990442 /* Main.storyboard */ = {
			isa = PBXVariantGroup;
			children = (
				1079A1EF274C206F00990442 /* Base */,
			);
			name = Main.storyboard;
			sourceTree = "<group>";
		};
		1079A207274C207000990442 /* SafariExtensionViewController.xib */ = {
			isa = PBXVariantGroup;
			children = (
				1079A208274C207000990442 /* Base */,
			);
			name = SafariExtensionViewController.xib;
			sourceTree = "<group>";
		};
/* End PBXVariantGroup section */

/* Begin XCBuildConfiguration section */
		1079A20C274C207000990442 /* Debug */ = {
			isa = XCBuildConfiguration;
			buildSettings = {
				ALWAYS_SEARCH_USER_PATHS = NO;
				CLANG_ANALYZER_NONNULL = YES;
				CLANG_ANALYZER_NUMBER_OBJECT_CONVERSION = YES_AGGRESSIVE;
				CLANG_CXX_LANGUAGE_STANDARD = "gnu++17";
				CLANG_CXX_LIBRARY = "libc++";
				CLANG_ENABLE_MODULES = YES;
				CLANG_ENABLE_OBJC_ARC = YES;
				CLANG_ENABLE_OBJC_WEAK = YES;
				CLANG_WARN_BLOCK_CAPTURE_AUTORELEASING = YES;
				CLANG_WARN_BOOL_CONVERSION = YES;
				CLANG_WARN_COMMA = YES;
				CLANG_WARN_CONSTANT_CONVERSION = YES;
				CLANG_WARN_DEPRECATED_OBJC_IMPLEMENTATIONS = YES;
				CLANG_WARN_DIRECT_OBJC_ISA_USAGE = YES_ERROR;
				CLANG_WARN_DOCUMENTATION_COMMENTS = YES;
				CLANG_WARN_EMPTY_BODY = YES;
				CLANG_WARN_ENUM_CONVERSION = YES;
				CLANG_WARN_INFINITE_RECURSION = YES;
				CLANG_WARN_INT_CONVERSION = YES;
				CLANG_WARN_NON_LITERAL_NULL_CONVERSION = YES;
				CLANG_WARN_OBJC_IMPLICIT_RETAIN_SELF = YES;
				CLANG_WARN_OBJC_LITERAL_CONVERSION = YES;
				CLANG_WARN_OBJC_ROOT_CLASS = YES_ERROR;
				CLANG_WARN_QUOTED_INCLUDE_IN_FRAMEWORK_HEADER = YES;
				CLANG_WARN_RANGE_LOOP_ANALYSIS = YES;
				CLANG_WARN_STRICT_PROTOTYPES = YES;
				CLANG_WARN_SUSPICIOUS_MOVE = YES;
				CLANG_WARN_UNGUARDED_AVAILABILITY = YES_AGGRESSIVE;
				CLANG_WARN_UNREACHABLE_CODE = YES;
				CLANG_WARN__DUPLICATE_METHOD_MATCH = YES;
				COPY_PHASE_STRIP = NO;
				DEBUG_INFORMATION_FORMAT = dwarf;
				ENABLE_STRICT_OBJC_MSGSEND = YES;
				ENABLE_TESTABILITY = YES;
				GCC_C_LANGUAGE_STANDARD = gnu11;
				GCC_DYNAMIC_NO_PIC = NO;
				GCC_NO_COMMON_BLOCKS = YES;
				GCC_OPTIMIZATION_LEVEL = 0;
				GCC_PREPROCESSOR_DEFINITIONS = (
					"DEBUG=1",
					"$(inherited)",
				);
				GCC_WARN_64_TO_32_BIT_CONVERSION = YES;
				GCC_WARN_ABOUT_RETURN_TYPE = YES_ERROR;
				GCC_WARN_UNDECLARED_SELECTOR = YES;
				GCC_WARN_UNINITIALIZED_AUTOS = YES_AGGRESSIVE;
				GCC_WARN_UNUSED_FUNCTION = YES;
				GCC_WARN_UNUSED_VARIABLE = YES;
				MACOSX_DEPLOYMENT_TARGET = 12.0;
				MTL_ENABLE_DEBUG_INFO = INCLUDE_SOURCE;
				MTL_FAST_MATH = YES;
				ONLY_ACTIVE_ARCH = YES;
				SDKROOT = macosx;
				SWIFT_ACTIVE_COMPILATION_CONDITIONS = DEBUG;
				SWIFT_OPTIMIZATION_LEVEL = "-Onone";
			};
			name = Debug;
		};
		1079A20D274C207000990442 /* Release */ = {
			isa = XCBuildConfiguration;
			buildSettings = {
				ALWAYS_SEARCH_USER_PATHS = NO;
				CLANG_ANALYZER_NONNULL = YES;
				CLANG_ANALYZER_NUMBER_OBJECT_CONVERSION = YES_AGGRESSIVE;
				CLANG_CXX_LANGUAGE_STANDARD = "gnu++17";
				CLANG_CXX_LIBRARY = "libc++";
				CLANG_ENABLE_MODULES = YES;
				CLANG_ENABLE_OBJC_ARC = YES;
				CLANG_ENABLE_OBJC_WEAK = YES;
				CLANG_WARN_BLOCK_CAPTURE_AUTORELEASING = YES;
				CLANG_WARN_BOOL_CONVERSION = YES;
				CLANG_WARN_COMMA = YES;
				CLANG_WARN_CONSTANT_CONVERSION = YES;
				CLANG_WARN_DEPRECATED_OBJC_IMPLEMENTATIONS = YES;
				CLANG_WARN_DIRECT_OBJC_ISA_USAGE = YES_ERROR;
				CLANG_WARN_DOCUMENTATION_COMMENTS = YES;
				CLANG_WARN_EMPTY_BODY = YES;
				CLANG_WARN_ENUM_CONVERSION = YES;
				CLANG_WARN_INFINITE_RECURSION = YES;
				CLANG_WARN_INT_CONVERSION = YES;
				CLANG_WARN_NON_LITERAL_NULL_CONVERSION = YES;
				CLANG_WARN_OBJC_IMPLICIT_RETAIN_SELF = YES;
				CLANG_WARN_OBJC_LITERAL_CONVERSION = YES;
				CLANG_WARN_OBJC_ROOT_CLASS = YES_ERROR;
				CLANG_WARN_QUOTED_INCLUDE_IN_FRAMEWORK_HEADER = YES;
				CLANG_WARN_RANGE_LOOP_ANALYSIS = YES;
				CLANG_WARN_STRICT_PROTOTYPES = YES;
				CLANG_WARN_SUSPICIOUS_MOVE = YES;
				CLANG_WARN_UNGUARDED_AVAILABILITY = YES_AGGRESSIVE;
				CLANG_WARN_UNREACHABLE_CODE = YES;
				CLANG_WARN__DUPLICATE_METHOD_MATCH = YES;
				COPY_PHASE_STRIP = NO;
				DEBUG_INFORMATION_FORMAT = "dwarf-with-dsym";
				ENABLE_NS_ASSERTIONS = NO;
				ENABLE_STRICT_OBJC_MSGSEND = YES;
				GCC_C_LANGUAGE_STANDARD = gnu11;
				GCC_NO_COMMON_BLOCKS = YES;
				GCC_WARN_64_TO_32_BIT_CONVERSION = YES;
				GCC_WARN_ABOUT_RETURN_TYPE = YES_ERROR;
				GCC_WARN_UNDECLARED_SELECTOR = YES;
				GCC_WARN_UNINITIALIZED_AUTOS = YES_AGGRESSIVE;
				GCC_WARN_UNUSED_FUNCTION = YES;
				GCC_WARN_UNUSED_VARIABLE = YES;
				MACOSX_DEPLOYMENT_TARGET = 12.0;
				MTL_ENABLE_DEBUG_INFO = NO;
				MTL_FAST_MATH = YES;
				SDKROOT = macosx;
				SWIFT_COMPILATION_MODE = wholemodule;
				SWIFT_OPTIMIZATION_LEVEL = "-O";
			};
			name = Release;
		};
		1079A20F274C207000990442 /* Debug */ = {
			isa = XCBuildConfiguration;
			buildSettings = {
				CODE_SIGN_ENTITLEMENTS = "AutoCap Extension/AutoCap_Extension.entitlements";
				CODE_SIGN_STYLE = Automatic;
				CURRENT_PROJECT_VERSION = 1;
				ENABLE_HARDENED_RUNTIME = YES;
				GENERATE_INFOPLIST_FILE = YES;
				INFOPLIST_FILE = "AutoCap Extension/Info.plist";
				INFOPLIST_KEY_CFBundleDisplayName = "AutoCap Extension";
				INFOPLIST_KEY_NSHumanReadableCopyright = "";
				LD_RUNPATH_SEARCH_PATHS = (
					"$(inherited)",
					"@executable_path/../Frameworks",
					"@executable_path/../../../../Frameworks",
				);
				MACOSX_DEPLOYMENT_TARGET = 10.14;
				MARKETING_VERSION = 1.0;
				OTHER_LDFLAGS = (
					"-framework",
					SafariServices,
				);
				PRODUCT_BUNDLE_IDENTIFIER = com.autocap.AutoCap.Extension;
				PRODUCT_NAME = "$(TARGET_NAME)";
				SKIP_INSTALL = YES;
				SWIFT_EMIT_LOC_STRINGS = YES;
				SWIFT_VERSION = 5.0;
			};
			name = Debug;
		};
		1079A210274C207000990442 /* Release */ = {
			isa = XCBuildConfiguration;
			buildSettings = {
				CODE_SIGN_ENTITLEMENTS = "AutoCap Extension/AutoCap_Extension.entitlements";
				CODE_SIGN_STYLE = Automatic;
				CURRENT_PROJECT_VERSION = 1;
				ENABLE_HARDENED_RUNTIME = YES;
				GENERATE_INFOPLIST_FILE = YES;
				INFOPLIST_FILE = "AutoCap Extension/Info.plist";
				INFOPLIST_KEY_CFBundleDisplayName = "AutoCap Extension";
				INFOPLIST_KEY_NSHumanReadableCopyright = "";
				LD_RUNPATH_SEARCH_PATHS = (
					"$(inherited)",
					"@executable_path/../Frameworks",
					"@executable_path/../../../../Frameworks",
				);
				MACOSX_DEPLOYMENT_TARGET = 10.14;
				MARKETING_VERSION = 1.0;
				OTHER_LDFLAGS = (
					"-framework",
					SafariServices,
				);
				PRODUCT_BUNDLE_IDENTIFIER = com.autocap.AutoCap.Extension;
				PRODUCT_NAME = "$(TARGET_NAME)";
				SKIP_INSTALL = YES;
				SWIFT_EMIT_LOC_STRINGS = YES;
				SWIFT_VERSION = 5.0;
			};
			name = Release;
		};
		1079A213274C207000990442 /* Debug */ = {
			isa = XCBuildConfiguration;
			buildSettings = {
				ALWAYS_EMBED_SWIFT_STANDARD_LIBRARIES = YES;
				ASSETCATALOG_COMPILER_APPICON_NAME = AppIcon;
				ASSETCATALOG_COMPILER_GLOBAL_ACCENT_COLOR_NAME = AccentColor;
				CODE_SIGN_ENTITLEMENTS = AutoCap/AutoCap.entitlements;
				CODE_SIGN_STYLE = Automatic;
				COMBINE_HIDPI_IMAGES = YES;
				CURRENT_PROJECT_VERSION = 1;
				ENABLE_HARDENED_RUNTIME = YES;
				GENERATE_INFOPLIST_FILE = YES;
				INFOPLIST_KEY_CFBundleDisplayName = AutoCap;
				INFOPLIST_KEY_NSHumanReadableCopyright = "";
				INFOPLIST_KEY_NSMainStoryboardFile = Main;
				INFOPLIST_KEY_NSPrincipalClass = NSApplication;
				LD_RUNPATH_SEARCH_PATHS = (
					"$(inherited)",
					"@executable_path/../Frameworks",
				);
				MACOSX_DEPLOYMENT_TARGET = 10.14;
				MARKETING_VERSION = 1.0;
				OTHER_LDFLAGS = (
					"-framework",
					SafariServices,
					"-framework",
					WebKit,
				);
				PRODUCT_BUNDLE_IDENTIFIER = com.autocap.AutoCap;
				PRODUCT_NAME = "$(TARGET_NAME)";
				SWIFT_EMIT_LOC_STRINGS = YES;
				SWIFT_VERSION = 5.0;
			};
			name = Debug;
		};
		1079A214274C207000990442 /* Release */ = {
			isa = XCBuildConfiguration;
			buildSettings = {
				ALWAYS_EMBED_SWIFT_STANDARD_LIBRARIES = YES;
				ASSETCATALOG_COMPILER_APPICON_NAME = AppIcon;
				ASSETCATALOG_COMPILER_GLOBAL_ACCENT_COLOR_NAME = AccentColor;
				CODE_SIGN_ENTITLEMENTS = AutoCap/AutoCap.entitlements;
				CODE_SIGN_STYLE = Automatic;
				COMBINE_HIDPI_IMAGES = YES;
				CURRENT_PROJECT_VERSION = 1;
				ENABLE_HARDENED_RUNTIME = YES;
				GENERATE_INFOPLIST_FILE = YES;
				INFOPLIST_KEY_CFBundleDisplayName = AutoCap;
				INFOPLIST_KEY_NSHumanReadableCopyright = "";
				INFOPLIST_KEY_NSMainStoryboardFile = Main;
				INFOPLIST_KEY_NSPrincipalClass = NSApplication;
				LD_RUNPATH_SEARCH_PATHS = (
					"$(inherited)",
					"@executable_path/../Frameworks",
				);
				MACOSX_DEPLOYMENT_TARGET = 10.14;
				MARKETING_VERSION = 1.0;
				OTHER_LDFLAGS = (
					"-framework",
					SafariServices,
					"-framework",
					WebKit,
				);
				PRODUCT_BUNDLE_IDENTIFIER = com.autocap.AutoCap;
				PRODUCT_NAME = "$(TARGET_NAME)";
				SWIFT_EMIT_LOC_STRINGS = YES;
				SWIFT_VERSION = 5.0;
			};
			name = Release;
		};
/* End XCBuildConfiguration section */

/* Begin XCConfigurationList section */
		1079A1D8274C206F00990442 /* Build configuration list for PBXProject "AutoCap" */ = {
			isa = XCConfigurationList;
			buildConfigurations = (
				1079A20C274C207000990442 /* Debug */,
				1079A20D274C207000990442 /* Release */,
			);
			defaultConfigurationIsVisible = 0;
			defaultConfigurationName = Release;
		};
		1079A20E274C207000990442 /* Build configuration list for PBXNativeTarget "AutoCap Extension" */ = {
			isa = XCConfigurationList;
			buildConfigurations = (
				1079A20F274C207000990442 /* Debug */,
				1079A210274C207000990442 /* Release */,
			);
			defaultConfigurationIsVisible = 0;
			defaultConfigurationName = Release;
		};
		1079A212274C207000990442 /* Build configuration list for PBXNativeTarget "AutoCap" */ = {
			isa = XCConfigurationList;
			buildConfigurations = (
				1079A213274C207000990442 /* Debug */,
				1079A214274C207000990442 /* Release */,
			);
			defaultConfigurationIsVisible = 0;
			defaultConfigurationName = Release;
		};
/* End XCConfigurationList section */
	};
	rootObject = 1079A1D5274C206F00990442 /* Project object */;
}
